// !$*UTF8*$!
{
	archiveVersion = 1;
	classes = {
	};
	objectVersion = 50;
	objects = {

/* Begin PBXBuildFile section */
		C9021288266B56BD0089CE63 /* AppDelegate.swift in Sources */ = {isa = PBXBuildFile; fileRef = C9021287266B56BD0089CE63 /* AppDelegate.swift */; };
		C902128A266B56BD0089CE63 /* SceneDelegate.swift in Sources */ = {isa = PBXBuildFile; fileRef = C9021289266B56BD0089CE63 /* SceneDelegate.swift */; };
		C902128C266B56BD0089CE63 /* ViewController.swift in Sources */ = {isa = PBXBuildFile; fileRef = C902128B266B56BD0089CE63 /* ViewController.swift */; };
		C902128F266B56BD0089CE63 /* Main.storyboard in Resources */ = {isa = PBXBuildFile; fileRef = C902128D266B56BD0089CE63 /* Main.storyboard */; };
		C9021291266B56BF0089CE63 /* Assets.xcassets in Resources */ = {isa = PBXBuildFile; fileRef = C9021290266B56BF0089CE63 /* Assets.xcassets */; };
		C9021294266B56BF0089CE63 /* LaunchScreen.storyboard in Resources */ = {isa = PBXBuildFile; fileRef = C9021292266B56BF0089CE63 /* LaunchScreen.storyboard */; };
		C902129F266B56BF0089CE63 /* PayoneerTests.swift in Sources */ = {isa = PBXBuildFile; fileRef = C902129E266B56BF0089CE63 /* PayoneerTests.swift */; };
		C90212AA266B56BF0089CE63 /* PayoneerUITests.swift in Sources */ = {isa = PBXBuildFile; fileRef = C90212A9266B56BF0089CE63 /* PayoneerUITests.swift */; };
		C90212C1266B5FF90089CE63 /* HTTPMethod.swift in Sources */ = {isa = PBXBuildFile; fileRef = C90212C0266B5FF90089CE63 /* HTTPMethod.swift */; };
		C90212C9266B60F00089CE63 /* HTTPTask.swift in Sources */ = {isa = PBXBuildFile; fileRef = C90212C8266B60F00089CE63 /* HTTPTask.swift */; };
		C90212CF266B621A0089CE63 /* ParameterEncodig.swift in Sources */ = {isa = PBXBuildFile; fileRef = C90212CE266B621A0089CE63 /* ParameterEncodig.swift */; };
		C90212D7266B62570089CE63 /* URLParameterEncoder.swift in Sources */ = {isa = PBXBuildFile; fileRef = C90212D6266B62570089CE63 /* URLParameterEncoder.swift */; };
		C90212DC266B62950089CE63 /* JSONParameterEncoder.swift in Sources */ = {isa = PBXBuildFile; fileRef = C90212DB266B62950089CE63 /* JSONParameterEncoder.swift */; };
		C90212E1266B634D0089CE63 /* NetworkResponse.swift in Sources */ = {isa = PBXBuildFile; fileRef = C90212E0266B634D0089CE63 /* NetworkResponse.swift */; };
		C90212E6266B684A0089CE63 /* NetworkRouter.swift in Sources */ = {isa = PBXBuildFile; fileRef = C90212E5266B684A0089CE63 /* NetworkRouter.swift */; };
		C90212EC266B68790089CE63 /* EndPointType.swift in Sources */ = {isa = PBXBuildFile; fileRef = C90212EB266B68790089CE63 /* EndPointType.swift */; };
		C90212F4266B69120089CE63 /* Router.swift in Sources */ = {isa = PBXBuildFile; fileRef = C90212F3266B69120089CE63 /* Router.swift */; };
		C90212F9266B6A470089CE63 /* HTTPURLResponse+Extension.swift in Sources */ = {isa = PBXBuildFile; fileRef = C90212F8266B6A470089CE63 /* HTTPURLResponse+Extension.swift */; };
		C9021301266B6D630089CE63 /* PaymentMethodsEndPoint.swift in Sources */ = {isa = PBXBuildFile; fileRef = C9021300266B6D630089CE63 /* PaymentMethodsEndPoint.swift */; };
		C902130D266C0C5A0089CE63 /* PaymentMethodsService.swift in Sources */ = {isa = PBXBuildFile; fileRef = C902130C266C0C5A0089CE63 /* PaymentMethodsService.swift */; };
		C9021317266C11260089CE63 /* Payments.swift in Sources */ = {isa = PBXBuildFile; fileRef = C9021316266C11260089CE63 /* Payments.swift */; };
		C9021324266CC5E80089CE63 /* PaymentMethodPresenter.swift in Sources */ = {isa = PBXBuildFile; fileRef = C9021323266CC5E80089CE63 /* PaymentMethodPresenter.swift */; };
		C902132D266CC6250089CE63 /* PaymentMethodView.swift in Sources */ = {isa = PBXBuildFile; fileRef = C902132C266CC6250089CE63 /* PaymentMethodView.swift */; };
		C902133C266CCC460089CE63 /* ViewControllerAssembly.swift in Sources */ = {isa = PBXBuildFile; fileRef = C902133B266CCC460089CE63 /* ViewControllerAssembly.swift */; };
		C9021346266CCCB40089CE63 /* Assembly+PaymenMethods.swift in Sources */ = {isa = PBXBuildFile; fileRef = C9021345266CCCB40089CE63 /* Assembly+PaymenMethods.swift */; };
/* End PBXBuildFile section */

/* Begin PBXContainerItemProxy section */
		C902129B266B56BF0089CE63 /* PBXContainerItemProxy */ = {
			isa = PBXContainerItemProxy;
			containerPortal = C902127C266B56BD0089CE63 /* Project object */;
			proxyType = 1;
			remoteGlobalIDString = C9021283266B56BD0089CE63;
			remoteInfo = Payoneer;
		};
		C90212A6266B56BF0089CE63 /* PBXContainerItemProxy */ = {
			isa = PBXContainerItemProxy;
			containerPortal = C902127C266B56BD0089CE63 /* Project object */;
			proxyType = 1;
			remoteGlobalIDString = C9021283266B56BD0089CE63;
			remoteInfo = Payoneer;
		};
/* End PBXContainerItemProxy section */

/* Begin PBXFileReference section */
		C9021284266B56BD0089CE63 /* Payoneer.app */ = {isa = PBXFileReference; explicitFileType = wrapper.application; includeInIndex = 0; path = Payoneer.app; sourceTree = BUILT_PRODUCTS_DIR; };
		C9021287266B56BD0089CE63 /* AppDelegate.swift */ = {isa = PBXFileReference; lastKnownFileType = sourcecode.swift; path = AppDelegate.swift; sourceTree = "<group>"; };
		C9021289266B56BD0089CE63 /* SceneDelegate.swift */ = {isa = PBXFileReference; lastKnownFileType = sourcecode.swift; path = SceneDelegate.swift; sourceTree = "<group>"; };
		C902128B266B56BD0089CE63 /* ViewController.swift */ = {isa = PBXFileReference; lastKnownFileType = sourcecode.swift; path = ViewController.swift; sourceTree = "<group>"; };
		C902128E266B56BD0089CE63 /* Base */ = {isa = PBXFileReference; lastKnownFileType = file.storyboard; name = Base; path = Base.lproj/Main.storyboard; sourceTree = "<group>"; };
		C9021290266B56BF0089CE63 /* Assets.xcassets */ = {isa = PBXFileReference; lastKnownFileType = folder.assetcatalog; path = Assets.xcassets; sourceTree = "<group>"; };
		C9021293266B56BF0089CE63 /* Base */ = {isa = PBXFileReference; lastKnownFileType = file.storyboard; name = Base; path = Base.lproj/LaunchScreen.storyboard; sourceTree = "<group>"; };
		C9021295266B56BF0089CE63 /* Info.plist */ = {isa = PBXFileReference; lastKnownFileType = text.plist.xml; path = Info.plist; sourceTree = "<group>"; };
		C902129A266B56BF0089CE63 /* PayoneerTests.xctest */ = {isa = PBXFileReference; explicitFileType = wrapper.cfbundle; includeInIndex = 0; path = PayoneerTests.xctest; sourceTree = BUILT_PRODUCTS_DIR; };
		C902129E266B56BF0089CE63 /* PayoneerTests.swift */ = {isa = PBXFileReference; lastKnownFileType = sourcecode.swift; path = PayoneerTests.swift; sourceTree = "<group>"; };
		C90212A0266B56BF0089CE63 /* Info.plist */ = {isa = PBXFileReference; lastKnownFileType = text.plist.xml; path = Info.plist; sourceTree = "<group>"; };
		C90212A5266B56BF0089CE63 /* PayoneerUITests.xctest */ = {isa = PBXFileReference; explicitFileType = wrapper.cfbundle; includeInIndex = 0; path = PayoneerUITests.xctest; sourceTree = BUILT_PRODUCTS_DIR; };
		C90212A9266B56BF0089CE63 /* PayoneerUITests.swift */ = {isa = PBXFileReference; lastKnownFileType = sourcecode.swift; path = PayoneerUITests.swift; sourceTree = "<group>"; };
		C90212AB266B56BF0089CE63 /* Info.plist */ = {isa = PBXFileReference; lastKnownFileType = text.plist.xml; path = Info.plist; sourceTree = "<group>"; };
		C90212C0266B5FF90089CE63 /* HTTPMethod.swift */ = {isa = PBXFileReference; lastKnownFileType = sourcecode.swift; path = HTTPMethod.swift; sourceTree = "<group>"; };
		C90212C8266B60F00089CE63 /* HTTPTask.swift */ = {isa = PBXFileReference; lastKnownFileType = sourcecode.swift; path = HTTPTask.swift; sourceTree = "<group>"; };
		C90212CE266B621A0089CE63 /* ParameterEncodig.swift */ = {isa = PBXFileReference; lastKnownFileType = sourcecode.swift; path = ParameterEncodig.swift; sourceTree = "<group>"; };
		C90212D6266B62570089CE63 /* URLParameterEncoder.swift */ = {isa = PBXFileReference; lastKnownFileType = sourcecode.swift; path = URLParameterEncoder.swift; sourceTree = "<group>"; };
		C90212DB266B62950089CE63 /* JSONParameterEncoder.swift */ = {isa = PBXFileReference; lastKnownFileType = sourcecode.swift; path = JSONParameterEncoder.swift; sourceTree = "<group>"; };
		C90212E0266B634D0089CE63 /* NetworkResponse.swift */ = {isa = PBXFileReference; lastKnownFileType = sourcecode.swift; path = NetworkResponse.swift; sourceTree = "<group>"; };
		C90212E5266B684A0089CE63 /* NetworkRouter.swift */ = {isa = PBXFileReference; lastKnownFileType = sourcecode.swift; path = NetworkRouter.swift; sourceTree = "<group>"; };
		C90212EB266B68790089CE63 /* EndPointType.swift */ = {isa = PBXFileReference; lastKnownFileType = sourcecode.swift; path = EndPointType.swift; sourceTree = "<group>"; };
		C90212F3266B69120089CE63 /* Router.swift */ = {isa = PBXFileReference; lastKnownFileType = sourcecode.swift; path = Router.swift; sourceTree = "<group>"; };
		C90212F8266B6A470089CE63 /* HTTPURLResponse+Extension.swift */ = {isa = PBXFileReference; lastKnownFileType = sourcecode.swift; path = "HTTPURLResponse+Extension.swift"; sourceTree = "<group>"; };
		C9021300266B6D630089CE63 /* PaymentMethodsEndPoint.swift */ = {isa = PBXFileReference; lastKnownFileType = sourcecode.swift; path = PaymentMethodsEndPoint.swift; sourceTree = "<group>"; };
		C902130C266C0C5A0089CE63 /* PaymentMethodsService.swift */ = {isa = PBXFileReference; lastKnownFileType = sourcecode.swift; path = PaymentMethodsService.swift; sourceTree = "<group>"; };
		C9021316266C11260089CE63 /* Payments.swift */ = {isa = PBXFileReference; lastKnownFileType = sourcecode.swift; path = Payments.swift; sourceTree = "<group>"; };
		C9021323266CC5E80089CE63 /* PaymentMethodPresenter.swift */ = {isa = PBXFileReference; lastKnownFileType = sourcecode.swift; path = PaymentMethodPresenter.swift; sourceTree = "<group>"; };
		C902132C266CC6250089CE63 /* PaymentMethodView.swift */ = {isa = PBXFileReference; lastKnownFileType = sourcecode.swift; path = PaymentMethodView.swift; sourceTree = "<group>"; };
		C902133B266CCC460089CE63 /* ViewControllerAssembly.swift */ = {isa = PBXFileReference; lastKnownFileType = sourcecode.swift; path = ViewControllerAssembly.swift; sourceTree = "<group>"; };
		C9021345266CCCB40089CE63 /* Assembly+PaymenMethods.swift */ = {isa = PBXFileReference; lastKnownFileType = sourcecode.swift; path = "Assembly+PaymenMethods.swift"; sourceTree = "<group>"; };
/* End PBXFileReference section */

/* Begin PBXFrameworksBuildPhase section */
		C9021281266B56BD0089CE63 /* Frameworks */ = {
			isa = PBXFrameworksBuildPhase;
			buildActionMask = 2147483647;
			files = (
			);
			runOnlyForDeploymentPostprocessing = 0;
		};
		C9021297266B56BF0089CE63 /* Frameworks */ = {
			isa = PBXFrameworksBuildPhase;
			buildActionMask = 2147483647;
			files = (
			);
			runOnlyForDeploymentPostprocessing = 0;
		};
		C90212A2266B56BF0089CE63 /* Frameworks */ = {
			isa = PBXFrameworksBuildPhase;
			buildActionMask = 2147483647;
			files = (
			);
			runOnlyForDeploymentPostprocessing = 0;
		};
/* End PBXFrameworksBuildPhase section */

/* Begin PBXGroup section */
		C902127B266B56BD0089CE63 = {
			isa = PBXGroup;
			children = (
				C9021286266B56BD0089CE63 /* Payoneer */,
				C902129D266B56BF0089CE63 /* PayoneerTests */,
				C90212A8266B56BF0089CE63 /* PayoneerUITests */,
				C9021285266B56BD0089CE63 /* Products */,
			);
			sourceTree = "<group>";
		};
		C9021285266B56BD0089CE63 /* Products */ = {
			isa = PBXGroup;
			children = (
				C9021284266B56BD0089CE63 /* Payoneer.app */,
				C902129A266B56BF0089CE63 /* PayoneerTests.xctest */,
				C90212A5266B56BF0089CE63 /* PayoneerUITests.xctest */,
			);
			name = Products;
			sourceTree = "<group>";
		};
		C9021286266B56BD0089CE63 /* Payoneer */ = {
			isa = PBXGroup;
			children = (
				C9021337266CCB200089CE63 /* Assembly */,
				C9021321266CC5C50089CE63 /* PaymenMethods */,
				C9021314266C11130089CE63 /* Models */,
				C90212BD266B5B590089CE63 /* Network */,
				C90212BC266B5B400089CE63 /* Main */,
				C90212BB266B5B320089CE63 /* App */,
				C90212BA266B5B250089CE63 /* Resources */,
				C9021287266B56BD0089CE63 /* AppDelegate.swift */,
				C9021289266B56BD0089CE63 /* SceneDelegate.swift */,
				C902128B266B56BD0089CE63 /* ViewController.swift */,
				C902128D266B56BD0089CE63 /* Main.storyboard */,
				C9021290266B56BF0089CE63 /* Assets.xcassets */,
				C9021292266B56BF0089CE63 /* LaunchScreen.storyboard */,
				C9021295266B56BF0089CE63 /* Info.plist */,
			);
			path = Payoneer;
			sourceTree = "<group>";
		};
		C902129D266B56BF0089CE63 /* PayoneerTests */ = {
			isa = PBXGroup;
			children = (
				C902129E266B56BF0089CE63 /* PayoneerTests.swift */,
				C90212A0266B56BF0089CE63 /* Info.plist */,
			);
			path = PayoneerTests;
			sourceTree = "<group>";
		};
		C90212A8266B56BF0089CE63 /* PayoneerUITests */ = {
			isa = PBXGroup;
			children = (
				C90212A9266B56BF0089CE63 /* PayoneerUITests.swift */,
				C90212AB266B56BF0089CE63 /* Info.plist */,
			);
			path = PayoneerUITests;
			sourceTree = "<group>";
		};
		C90212BA266B5B250089CE63 /* Resources */ = {
			isa = PBXGroup;
			children = (
			);
			path = Resources;
			sourceTree = "<group>";
		};
		C90212BB266B5B320089CE63 /* App */ = {
			isa = PBXGroup;
			children = (
			);
			path = App;
			sourceTree = "<group>";
		};
		C90212BC266B5B400089CE63 /* Main */ = {
			isa = PBXGroup;
			children = (
			);
			path = Main;
			sourceTree = "<group>";
		};
		C90212BD266B5B590089CE63 /* Network */ = {
			isa = PBXGroup;
			children = (
				C90212FD266B6D120089CE63 /* Features */,
				C90212BE266B5FCD0089CE63 /* Core */,
			);
			path = Network;
			sourceTree = "<group>";
		};
		C90212BE266B5FCD0089CE63 /* Core */ = {
			isa = PBXGroup;
			children = (
				C90212EA266B68650089CE63 /* EndPointType */,
				C90212CD266B61FA0089CE63 /* Encoding */,
				C90212BF266B5FE60089CE63 /* Service */,
			);
			path = Core;
			sourceTree = "<group>";
		};
		C90212BF266B5FE60089CE63 /* Service */ = {
			isa = PBXGroup;
			children = (
				C90212C0266B5FF90089CE63 /* HTTPMethod.swift */,
				C90212C8266B60F00089CE63 /* HTTPTask.swift */,
				C90212E0266B634D0089CE63 /* NetworkResponse.swift */,
				C90212E5266B684A0089CE63 /* NetworkRouter.swift */,
				C90212F3266B69120089CE63 /* Router.swift */,
				C90212F8266B6A470089CE63 /* HTTPURLResponse+Extension.swift */,
			);
			path = Service;
			sourceTree = "<group>";
		};
		C90212CD266B61FA0089CE63 /* Encoding */ = {
			isa = PBXGroup;
			children = (
				C90212CE266B621A0089CE63 /* ParameterEncodig.swift */,
				C90212D6266B62570089CE63 /* URLParameterEncoder.swift */,
				C90212DB266B62950089CE63 /* JSONParameterEncoder.swift */,
			);
			path = Encoding;
			sourceTree = "<group>";
		};
		C90212EA266B68650089CE63 /* EndPointType */ = {
			isa = PBXGroup;
			children = (
				C90212EB266B68790089CE63 /* EndPointType.swift */,
			);
			path = EndPointType;
			sourceTree = "<group>";
		};
		C90212FD266B6D120089CE63 /* Features */ = {
			isa = PBXGroup;
			children = (
				C90212FE266B6D1A0089CE63 /* Payment */,
			);
			path = Features;
			sourceTree = "<group>";
		};
		C90212FE266B6D1A0089CE63 /* Payment */ = {
			isa = PBXGroup;
			children = (
				C902130B266C0C310089CE63 /* Service */,
				C90212FF266B6D220089CE63 /* EndpointType */,
			);
			path = Payment;
			sourceTree = "<group>";
		};
		C90212FF266B6D220089CE63 /* EndpointType */ = {
			isa = PBXGroup;
			children = (
				C9021300266B6D630089CE63 /* PaymentMethodsEndPoint.swift */,
			);
			path = EndpointType;
			sourceTree = "<group>";
		};
		C902130B266C0C310089CE63 /* Service */ = {
			isa = PBXGroup;
			children = (
				C902130C266C0C5A0089CE63 /* PaymentMethodsService.swift */,
			);
			path = Service;
			sourceTree = "<group>";
		};
		C9021314266C11130089CE63 /* Models */ = {
			isa = PBXGroup;
			children = (
				C9021315266C11180089CE63 /* Payments */,
			);
			path = Models;
			sourceTree = "<group>";
		};
		C9021315266C11180089CE63 /* Payments */ = {
			isa = PBXGroup;
			children = (
				C9021316266C11260089CE63 /* Payments.swift */,
			);
			path = Payments;
			sourceTree = "<group>";
		};
		C9021321266CC5C50089CE63 /* PaymenMethods */ = {
			isa = PBXGroup;
			children = (
				C9021341266CCC8B0089CE63 /* PaymentMethodsAssembly */,
				C902132B266CC6130089CE63 /* Contract */,
				C9021322266CC5D00089CE63 /* Presenter */,
			);
			path = PaymenMethods;
			sourceTree = "<group>";
		};
		C9021322266CC5D00089CE63 /* Presenter */ = {
			isa = PBXGroup;
			children = (
				C9021323266CC5E80089CE63 /* PaymentMethodPresenter.swift */,
			);
			path = Presenter;
			sourceTree = "<group>";
		};
		C902132B266CC6130089CE63 /* Contract */ = {
			isa = PBXGroup;
			children = (
				C902132C266CC6250089CE63 /* PaymentMethodView.swift */,
			);
			path = Contract;
			sourceTree = "<group>";
		};
		C9021337266CCB200089CE63 /* Assembly */ = {
			isa = PBXGroup;
			children = (
				C902133B266CCC460089CE63 /* ViewControllerAssembly.swift */,
			);
			path = Assembly;
			sourceTree = "<group>";
		};
		C9021341266CCC8B0089CE63 /* PaymentMethodsAssembly */ = {
			isa = PBXGroup;
			children = (
				C9021345266CCCB40089CE63 /* Assembly+PaymenMethods.swift */,
			);
			path = PaymentMethodsAssembly;
			sourceTree = "<group>";
		};
/* End PBXGroup section */

/* Begin PBXNativeTarget section */
		C9021283266B56BD0089CE63 /* Payoneer */ = {
			isa = PBXNativeTarget;
			buildConfigurationList = C90212AE266B56BF0089CE63 /* Build configuration list for PBXNativeTarget "Payoneer" */;
			buildPhases = (
				C9021280266B56BD0089CE63 /* Sources */,
				C9021281266B56BD0089CE63 /* Frameworks */,
				C9021282266B56BD0089CE63 /* Resources */,
			);
			buildRules = (
			);
			dependencies = (
			);
			name = Payoneer;
			productName = Payoneer;
			productReference = C9021284266B56BD0089CE63 /* Payoneer.app */;
			productType = "com.apple.product-type.application";
		};
		C9021299266B56BF0089CE63 /* PayoneerTests */ = {
			isa = PBXNativeTarget;
			buildConfigurationList = C90212B1266B56BF0089CE63 /* Build configuration list for PBXNativeTarget "PayoneerTests" */;
			buildPhases = (
				C9021296266B56BF0089CE63 /* Sources */,
				C9021297266B56BF0089CE63 /* Frameworks */,
				C9021298266B56BF0089CE63 /* Resources */,
			);
			buildRules = (
			);
			dependencies = (
				C902129C266B56BF0089CE63 /* PBXTargetDependency */,
			);
			name = PayoneerTests;
			productName = PayoneerTests;
			productReference = C902129A266B56BF0089CE63 /* PayoneerTests.xctest */;
			productType = "com.apple.product-type.bundle.unit-test";
		};
		C90212A4266B56BF0089CE63 /* PayoneerUITests */ = {
			isa = PBXNativeTarget;
			buildConfigurationList = C90212B4266B56BF0089CE63 /* Build configuration list for PBXNativeTarget "PayoneerUITests" */;
			buildPhases = (
				C90212A1266B56BF0089CE63 /* Sources */,
				C90212A2266B56BF0089CE63 /* Frameworks */,
				C90212A3266B56BF0089CE63 /* Resources */,
			);
			buildRules = (
			);
			dependencies = (
				C90212A7266B56BF0089CE63 /* PBXTargetDependency */,
			);
			name = PayoneerUITests;
			productName = PayoneerUITests;
			productReference = C90212A5266B56BF0089CE63 /* PayoneerUITests.xctest */;
			productType = "com.apple.product-type.bundle.ui-testing";
		};
/* End PBXNativeTarget section */

/* Begin PBXProject section */
		C902127C266B56BD0089CE63 /* Project object */ = {
			isa = PBXProject;
			attributes = {
				LastSwiftUpdateCheck = 1220;
				LastUpgradeCheck = 1220;
				TargetAttributes = {
					C9021283266B56BD0089CE63 = {
						CreatedOnToolsVersion = 12.2;
					};
					C9021299266B56BF0089CE63 = {
						CreatedOnToolsVersion = 12.2;
						TestTargetID = C9021283266B56BD0089CE63;
					};
					C90212A4266B56BF0089CE63 = {
						CreatedOnToolsVersion = 12.2;
						TestTargetID = C9021283266B56BD0089CE63;
					};
				};
			};
			buildConfigurationList = C902127F266B56BD0089CE63 /* Build configuration list for PBXProject "Payoneer" */;
			compatibilityVersion = "Xcode 9.3";
			developmentRegion = en;
			hasScannedForEncodings = 0;
			knownRegions = (
				en,
				Base,
			);
			mainGroup = C902127B266B56BD0089CE63;
			productRefGroup = C9021285266B56BD0089CE63 /* Products */;
			projectDirPath = "";
			projectRoot = "";
			targets = (
				C9021283266B56BD0089CE63 /* Payoneer */,
				C9021299266B56BF0089CE63 /* PayoneerTests */,
				C90212A4266B56BF0089CE63 /* PayoneerUITests */,
			);
		};
/* End PBXProject section */

/* Begin PBXResourcesBuildPhase section */
		C9021282266B56BD0089CE63 /* Resources */ = {
			isa = PBXResourcesBuildPhase;
			buildActionMask = 2147483647;
			files = (
				C9021294266B56BF0089CE63 /* LaunchScreen.storyboard in Resources */,
				C9021291266B56BF0089CE63 /* Assets.xcassets in Resources */,
				C902128F266B56BD0089CE63 /* Main.storyboard in Resources */,
			);
			runOnlyForDeploymentPostprocessing = 0;
		};
		C9021298266B56BF0089CE63 /* Resources */ = {
			isa = PBXResourcesBuildPhase;
			buildActionMask = 2147483647;
			files = (
			);
			runOnlyForDeploymentPostprocessing = 0;
		};
		C90212A3266B56BF0089CE63 /* Resources */ = {
			isa = PBXResourcesBuildPhase;
			buildActionMask = 2147483647;
			files = (
			);
			runOnlyForDeploymentPostprocessing = 0;
		};
/* End PBXResourcesBuildPhase section */

/* Begin PBXSourcesBuildPhase section */
		C9021280266B56BD0089CE63 /* Sources */ = {
			isa = PBXSourcesBuildPhase;
			buildActionMask = 2147483647;
			files = (
				C902133C266CCC460089CE63 /* ViewControllerAssembly.swift in Sources */,
				C9021324266CC5E80089CE63 /* PaymentMethodPresenter.swift in Sources */,
				C90212F9266B6A470089CE63 /* HTTPURLResponse+Extension.swift in Sources */,
				C90212DC266B62950089CE63 /* JSONParameterEncoder.swift in Sources */,
				C90212C1266B5FF90089CE63 /* HTTPMethod.swift in Sources */,
				C90212CF266B621A0089CE63 /* ParameterEncodig.swift in Sources */,
				C90212C9266B60F00089CE63 /* HTTPTask.swift in Sources */,
				C902130D266C0C5A0089CE63 /* PaymentMethodsService.swift in Sources */,
				C90212F4266B69120089CE63 /* Router.swift in Sources */,
				C902128C266B56BD0089CE63 /* ViewController.swift in Sources */,
				C90212EC266B68790089CE63 /* EndPointType.swift in Sources */,
				C90212E1266B634D0089CE63 /* NetworkResponse.swift in Sources */,
				C9021346266CCCB40089CE63 /* Assembly+PaymenMethods.swift in Sources */,
				C9021317266C11260089CE63 /* Payments.swift in Sources */,
				C9021301266B6D630089CE63 /* PaymentMethodsEndPoint.swift in Sources */,
				C90212D7266B62570089CE63 /* URLParameterEncoder.swift in Sources */,
				C90212E6266B684A0089CE63 /* NetworkRouter.swift in Sources */,
				C902132D266CC6250089CE63 /* PaymentMethodView.swift in Sources */,
				C9021288266B56BD0089CE63 /* AppDelegate.swift in Sources */,
				C902128A266B56BD0089CE63 /* SceneDelegate.swift in Sources */,
			);
			runOnlyForDeploymentPostprocessing = 0;
		};
		C9021296266B56BF0089CE63 /* Sources */ = {
			isa = PBXSourcesBuildPhase;
			buildActionMask = 2147483647;
			files = (
				C902129F266B56BF0089CE63 /* PayoneerTests.swift in Sources */,
			);
			runOnlyForDeploymentPostprocessing = 0;
		};
		C90212A1266B56BF0089CE63 /* Sources */ = {
			isa = PBXSourcesBuildPhase;
			buildActionMask = 2147483647;
			files = (
				C90212AA266B56BF0089CE63 /* PayoneerUITests.swift in Sources */,
			);
			runOnlyForDeploymentPostprocessing = 0;
		};
/* End PBXSourcesBuildPhase section */

/* Begin PBXTargetDependency section */
		C902129C266B56BF0089CE63 /* PBXTargetDependency */ = {
			isa = PBXTargetDependency;
			target = C9021283266B56BD0089CE63 /* Payoneer */;
			targetProxy = C902129B266B56BF0089CE63 /* PBXContainerItemProxy */;
		};
		C90212A7266B56BF0089CE63 /* PBXTargetDependency */ = {
			isa = PBXTargetDependency;
			target = C9021283266B56BD0089CE63 /* Payoneer */;
			targetProxy = C90212A6266B56BF0089CE63 /* PBXContainerItemProxy */;
		};
/* End PBXTargetDependency section */

/* Begin PBXVariantGroup section */
		C902128D266B56BD0089CE63 /* Main.storyboard */ = {
			isa = PBXVariantGroup;
			children = (
				C902128E266B56BD0089CE63 /* Base */,
			);
			name = Main.storyboard;
			sourceTree = "<group>";
		};
		C9021292266B56BF0089CE63 /* LaunchScreen.storyboard */ = {
			isa = PBXVariantGroup;
			children = (
				C9021293266B56BF0089CE63 /* Base */,
			);
			name = LaunchScreen.storyboard;
			sourceTree = "<group>";
		};
/* End PBXVariantGroup section */

/* Begin XCBuildConfiguration section */
		C90212AC266B56BF0089CE63 /* Debug */ = {
			isa = XCBuildConfiguration;
			buildSettings = {
				ALWAYS_SEARCH_USER_PATHS = NO;
				CLANG_ANALYZER_NONNULL = YES;
				CLANG_ANALYZER_NUMBER_OBJECT_CONVERSION = YES_AGGRESSIVE;
				CLANG_CXX_LANGUAGE_STANDARD = "gnu++14";
				CLANG_CXX_LIBRARY = "libc++";
				CLANG_ENABLE_MODULES = YES;
				CLANG_ENABLE_OBJC_ARC = YES;
				CLANG_ENABLE_OBJC_WEAK = YES;
				CLANG_WARN_BLOCK_CAPTURE_AUTORELEASING = YES;
				CLANG_WARN_BOOL_CONVERSION = YES;
				CLANG_WARN_COMMA = YES;
				CLANG_WARN_CONSTANT_CONVERSION = YES;
				CLANG_WARN_DEPRECATED_OBJC_IMPLEMENTATIONS = YES;
				CLANG_WARN_DIRECT_OBJC_ISA_USAGE = YES_ERROR;
				CLANG_WARN_DOCUMENTATION_COMMENTS = YES;
				CLANG_WARN_EMPTY_BODY = YES;
				CLANG_WARN_ENUM_CONVERSION = YES;
				CLANG_WARN_INFINITE_RECURSION = YES;
				CLANG_WARN_INT_CONVERSION = YES;
				CLANG_WARN_NON_LITERAL_NULL_CONVERSION = YES;
				CLANG_WARN_OBJC_IMPLICIT_RETAIN_SELF = YES;
				CLANG_WARN_OBJC_LITERAL_CONVERSION = YES;
				CLANG_WARN_OBJC_ROOT_CLASS = YES_ERROR;
				CLANG_WARN_QUOTED_INCLUDE_IN_FRAMEWORK_HEADER = YES;
				CLANG_WARN_RANGE_LOOP_ANALYSIS = YES;
				CLANG_WARN_STRICT_PROTOTYPES = YES;
				CLANG_WARN_SUSPICIOUS_MOVE = YES;
				CLANG_WARN_UNGUARDED_AVAILABILITY = YES_AGGRESSIVE;
				CLANG_WARN_UNREACHABLE_CODE = YES;
				CLANG_WARN__DUPLICATE_METHOD_MATCH = YES;
				COPY_PHASE_STRIP = NO;
				DEBUG_INFORMATION_FORMAT = dwarf;
				ENABLE_STRICT_OBJC_MSGSEND = YES;
				ENABLE_TESTABILITY = YES;
				GCC_C_LANGUAGE_STANDARD = gnu11;
				GCC_DYNAMIC_NO_PIC = NO;
				GCC_NO_COMMON_BLOCKS = YES;
				GCC_OPTIMIZATION_LEVEL = 0;
				GCC_PREPROCESSOR_DEFINITIONS = (
					"DEBUG=1",
					"$(inherited)",
				);
				GCC_WARN_64_TO_32_BIT_CONVERSION = YES;
				GCC_WARN_ABOUT_RETURN_TYPE = YES_ERROR;
				GCC_WARN_UNDECLARED_SELECTOR = YES;
				GCC_WARN_UNINITIALIZED_AUTOS = YES_AGGRESSIVE;
				GCC_WARN_UNUSED_FUNCTION = YES;
				GCC_WARN_UNUSED_VARIABLE = YES;
				IPHONEOS_DEPLOYMENT_TARGET = 14.2;
				MTL_ENABLE_DEBUG_INFO = INCLUDE_SOURCE;
				MTL_FAST_MATH = YES;
				ONLY_ACTIVE_ARCH = YES;
				SDKROOT = iphoneos;
				SWIFT_ACTIVE_COMPILATION_CONDITIONS = DEBUG;
				SWIFT_OPTIMIZATION_LEVEL = "-Onone";
			};
			name = Debug;
		};
		C90212AD266B56BF0089CE63 /* Release */ = {
			isa = XCBuildConfiguration;
			buildSettings = {
				ALWAYS_SEARCH_USER_PATHS = NO;
				CLANG_ANALYZER_NONNULL = YES;
				CLANG_ANALYZER_NUMBER_OBJECT_CONVERSION = YES_AGGRESSIVE;
				CLANG_CXX_LANGUAGE_STANDARD = "gnu++14";
				CLANG_CXX_LIBRARY = "libc++";
				CLANG_ENABLE_MODULES = YES;
				CLANG_ENABLE_OBJC_ARC = YES;
				CLANG_ENABLE_OBJC_WEAK = YES;
				CLANG_WARN_BLOCK_CAPTURE_AUTORELEASING = YES;
				CLANG_WARN_BOOL_CONVERSION = YES;
				CLANG_WARN_COMMA = YES;
				CLANG_WARN_CONSTANT_CONVERSION = YES;
				CLANG_WARN_DEPRECATED_OBJC_IMPLEMENTATIONS = YES;
				CLANG_WARN_DIRECT_OBJC_ISA_USAGE = YES_ERROR;
				CLANG_WARN_DOCUMENTATION_COMMENTS = YES;
				CLANG_WARN_EMPTY_BODY = YES;
				CLANG_WARN_ENUM_CONVERSION = YES;
				CLANG_WARN_INFINITE_RECURSION = YES;
				CLANG_WARN_INT_CONVERSION = YES;
				CLANG_WARN_NON_LITERAL_NULL_CONVERSION = YES;
				CLANG_WARN_OBJC_IMPLICIT_RETAIN_SELF = YES;
				CLANG_WARN_OBJC_LITERAL_CONVERSION = YES;
				CLANG_WARN_OBJC_ROOT_CLASS = YES_ERROR;
				CLANG_WARN_QUOTED_INCLUDE_IN_FRAMEWORK_HEADER = YES;
				CLANG_WARN_RANGE_LOOP_ANALYSIS = YES;
				CLANG_WARN_STRICT_PROTOTYPES = YES;
				CLANG_WARN_SUSPICIOUS_MOVE = YES;
				CLANG_WARN_UNGUARDED_AVAILABILITY = YES_AGGRESSIVE;
				CLANG_WARN_UNREACHABLE_CODE = YES;
				CLANG_WARN__DUPLICATE_METHOD_MATCH = YES;
				COPY_PHASE_STRIP = NO;
				DEBUG_INFORMATION_FORMAT = "dwarf-with-dsym";
				ENABLE_NS_ASSERTIONS = NO;
				ENABLE_STRICT_OBJC_MSGSEND = YES;
				GCC_C_LANGUAGE_STANDARD = gnu11;
				GCC_NO_COMMON_BLOCKS = YES;
				GCC_WARN_64_TO_32_BIT_CONVERSION = YES;
				GCC_WARN_ABOUT_RETURN_TYPE = YES_ERROR;
				GCC_WARN_UNDECLARED_SELECTOR = YES;
				GCC_WARN_UNINITIALIZED_AUTOS = YES_AGGRESSIVE;
				GCC_WARN_UNUSED_FUNCTION = YES;
				GCC_WARN_UNUSED_VARIABLE = YES;
				IPHONEOS_DEPLOYMENT_TARGET = 14.2;
				MTL_ENABLE_DEBUG_INFO = NO;
				MTL_FAST_MATH = YES;
				SDKROOT = iphoneos;
				SWIFT_COMPILATION_MODE = wholemodule;
				SWIFT_OPTIMIZATION_LEVEL = "-O";
				VALIDATE_PRODUCT = YES;
			};
			name = Release;
		};
		C90212AF266B56BF0089CE63 /* Debug */ = {
			isa = XCBuildConfiguration;
			buildSettings = {
				ASSETCATALOG_COMPILER_APPICON_NAME = AppIcon;
				ASSETCATALOG_COMPILER_GLOBAL_ACCENT_COLOR_NAME = AccentColor;
				CODE_SIGN_STYLE = Automatic;
				DEVELOPMENT_TEAM = P25E46B4MH;
				INFOPLIST_FILE = Payoneer/Info.plist;
				LD_RUNPATH_SEARCH_PATHS = (
					"$(inherited)",
					"@executable_path/Frameworks",
				);
				PRODUCT_BUNDLE_IDENTIFIER = com.exercise.payoneer.Payoneer;
				PRODUCT_NAME = "$(TARGET_NAME)";
				SWIFT_VERSION = 5.0;
				TARGETED_DEVICE_FAMILY = "1,2";
			};
			name = Debug;
		};
		C90212B0266B56BF0089CE63 /* Release */ = {
			isa = XCBuildConfiguration;
			buildSettings = {
				ASSETCATALOG_COMPILER_APPICON_NAME = AppIcon;
				ASSETCATALOG_COMPILER_GLOBAL_ACCENT_COLOR_NAME = AccentColor;
				CODE_SIGN_STYLE = Automatic;
				DEVELOPMENT_TEAM = P25E46B4MH;
				INFOPLIST_FILE = Payoneer/Info.plist;
				LD_RUNPATH_SEARCH_PATHS = (
					"$(inherited)",
					"@executable_path/Frameworks",
				);
				PRODUCT_BUNDLE_IDENTIFIER = com.exercise.payoneer.Payoneer;
				PRODUCT_NAME = "$(TARGET_NAME)";
				SWIFT_VERSION = 5.0;
				TARGETED_DEVICE_FAMILY = "1,2";
			};
			name = Release;
		};
		C90212B2266B56BF0089CE63 /* Debug */ = {
			isa = XCBuildConfiguration;
			buildSettings = {
				ALWAYS_EMBED_SWIFT_STANDARD_LIBRARIES = YES;
				BUNDLE_LOADER = "$(TEST_HOST)";
				CODE_SIGN_STYLE = Automatic;
				DEVELOPMENT_TEAM = P25E46B4MH;
				INFOPLIST_FILE = PayoneerTests/Info.plist;
				IPHONEOS_DEPLOYMENT_TARGET = 14.2;
				LD_RUNPATH_SEARCH_PATHS = (
					"$(inherited)",
					"@executable_path/Frameworks",
					"@loader_path/Frameworks",
				);
				PRODUCT_BUNDLE_IDENTIFIER = com.exercise.payoneer.PayoneerTests;
				PRODUCT_NAME = "$(TARGET_NAME)";
				SWIFT_VERSION = 5.0;
				TARGETED_DEVICE_FAMILY = "1,2";
				TEST_HOST = "$(BUILT_PRODUCTS_DIR)/Payoneer.app/Payoneer";
			};
			name = Debug;
		};
		C90212B3266B56BF0089CE63 /* Release */ = {
			isa = XCBuildConfiguration;
			buildSettings = {
				ALWAYS_EMBED_SWIFT_STANDARD_LIBRARIES = YES;
				BUNDLE_LOADER = "$(TEST_HOST)";
				CODE_SIGN_STYLE = Automatic;
				DEVELOPMENT_TEAM = P25E46B4MH;
				INFOPLIST_FILE = PayoneerTests/Info.plist;
				IPHONEOS_DEPLOYMENT_TARGET = 14.2;
				LD_RUNPATH_SEARCH_PATHS = (
					"$(inherited)",
					"@executable_path/Frameworks",
					"@loader_path/Frameworks",
				);
				PRODUCT_BUNDLE_IDENTIFIER = com.exercise.payoneer.PayoneerTests;
				PRODUCT_NAME = "$(TARGET_NAME)";
				SWIFT_VERSION = 5.0;
				TARGETED_DEVICE_FAMILY = "1,2";
				TEST_HOST = "$(BUILT_PRODUCTS_DIR)/Payoneer.app/Payoneer";
			};
			name = Release;
		};
		C90212B5266B56BF0089CE63 /* Debug */ = {
			isa = XCBuildConfiguration;
			buildSettings = {
				ALWAYS_EMBED_SWIFT_STANDARD_LIBRARIES = YES;
				CODE_SIGN_STYLE = Automatic;
				DEVELOPMENT_TEAM = P25E46B4MH;
				INFOPLIST_FILE = PayoneerUITests/Info.plist;
				LD_RUNPATH_SEARCH_PATHS = (
					"$(inherited)",
					"@executable_path/Frameworks",
					"@loader_path/Frameworks",
				);
				PRODUCT_BUNDLE_IDENTIFIER = com.exercise.payoneer.PayoneerUITests;
				PRODUCT_NAME = "$(TARGET_NAME)";
				SWIFT_VERSION = 5.0;
				TARGETED_DEVICE_FAMILY = "1,2";
				TEST_TARGET_NAME = Payoneer;
			};
			name = Debug;
		};
		C90212B6266B56BF0089CE63 /* Release */ = {
			isa = XCBuildConfiguration;
			buildSettings = {
				ALWAYS_EMBED_SWIFT_STANDARD_LIBRARIES = YES;
				CODE_SIGN_STYLE = Automatic;
				DEVELOPMENT_TEAM = P25E46B4MH;
				INFOPLIST_FILE = PayoneerUITests/Info.plist;
				LD_RUNPATH_SEARCH_PATHS = (
					"$(inherited)",
					"@executable_path/Frameworks",
					"@loader_path/Frameworks",
				);
				PRODUCT_BUNDLE_IDENTIFIER = com.exercise.payoneer.PayoneerUITests;
				PRODUCT_NAME = "$(TARGET_NAME)";
				SWIFT_VERSION = 5.0;
				TARGETED_DEVICE_FAMILY = "1,2";
				TEST_TARGET_NAME = Payoneer;
			};
			name = Release;
		};
/* End XCBuildConfiguration section */

/* Begin XCConfigurationList section */
		C902127F266B56BD0089CE63 /* Build configuration list for PBXProject "Payoneer" */ = {
			isa = XCConfigurationList;
			buildConfigurations = (
				C90212AC266B56BF0089CE63 /* Debug */,
				C90212AD266B56BF0089CE63 /* Release */,
			);
			defaultConfigurationIsVisible = 0;
			defaultConfigurationName = Release;
		};
		C90212AE266B56BF0089CE63 /* Build configuration list for PBXNativeTarget "Payoneer" */ = {
			isa = XCConfigurationList;
			buildConfigurations = (
				C90212AF266B56BF0089CE63 /* Debug */,
				C90212B0266B56BF0089CE63 /* Release */,
			);
			defaultConfigurationIsVisible = 0;
			defaultConfigurationName = Release;
		};
		C90212B1266B56BF0089CE63 /* Build configuration list for PBXNativeTarget "PayoneerTests" */ = {
			isa = XCConfigurationList;
			buildConfigurations = (
				C90212B2266B56BF0089CE63 /* Debug */,
				C90212B3266B56BF0089CE63 /* Release */,
			);
			defaultConfigurationIsVisible = 0;
			defaultConfigurationName = Release;
		};
		C90212B4266B56BF0089CE63 /* Build configuration list for PBXNativeTarget "PayoneerUITests" */ = {
			isa = XCConfigurationList;
			buildConfigurations = (
				C90212B5266B56BF0089CE63 /* Debug */,
				C90212B6266B56BF0089CE63 /* Release */,
			);
			defaultConfigurationIsVisible = 0;
			defaultConfigurationName = Release;
		};
/* End XCConfigurationList section */
	};
	rootObject = C902127C266B56BD0089CE63 /* Project object */;
}
